
Microsoft Visual Studio Solution File, Format Version 12.00
# Visual Studio Version 17
VisualStudioVersion = 17.3.32819.101
MinimumVisualStudioVersion = 10.0.40219.1
Project("{FAE04EC0-301F-11D3-BF4B-00C04F79EFBC}") = "VuLinh_2051050001", "VuLinh_2051050001\VuLinh_2051050001.csproj", "{F7281B7E-F96D-4F11-B01C-990581004D7B}"
EndProject
Global
	GlobalSection(SolutionConfigurationPlatforms) = preSolution
		Debug|Any CPU = Debug|Any CPU
		Release|Any CPU = Release|Any CPU
	EndGlobalSection
	GlobalSection(ProjectConfigurationPlatforms) = postSolution
		{F7281B7E-F96D-4F11-B01C-990581004D7B}.Debug|Any CPU.ActiveCfg = Debug|Any CPU
		{F7281B7E-F96D-4F11-B01C-990581004D7B}.Debug|Any CPU.Build.0 = Debug|Any CPU
		{F7281B7E-F96D-4F11-B01C-990581004D7B}.Release|Any CPU.ActiveCfg = Release|Any CPU
		{F7281B7E-F96D-4F11-B01C-990581004D7B}.Release|Any CPU.Build.0 = Release|Any CPU
	EndGlobalSection
	GlobalSection(SolutionProperties) = preSolution
		HideSolutionNode = FALSE
	EndGlobalSection
	GlobalSection(ExtensibilityGlobals) = postSolution
		SolutionGuid = {AFA68D36-9476-429E-AEE1-CC52CB6DAB90}
	EndGlobalSection
EndGlobal
